
Microsoft Visual Studio Solution File, Format Version 12.00
# Visual Studio Version 16
VisualStudioVersion = 16.0.30804.86
MinimumVisualStudioVersion = 10.0.40219.1
Project("{FAE04EC0-301F-11D3-BF4B-00C04F79EFBC}") = "MaysaGazete", "MaysaGazete\MaysaGazete.csproj", "{ACC4A2C7-223B-483D-9D49-417C783A3732}"
EndProject
Global
	GlobalSection(SolutionConfigurationPlatforms) = preSolution
		Debug|Any CPU = Debug|Any CPU
		Release|Any CPU = Release|Any CPU
	EndGlobalSection
	GlobalSection(ProjectConfigurationPlatforms) = postSolution
		{ACC4A2C7-223B-483D-9D49-417C783A3732}.Debug|Any CPU.ActiveCfg = Debug|Any CPU
		{ACC4A2C7-223B-483D-9D49-417C783A3732}.Debug|Any CPU.Build.0 = Debug|Any CPU
		{ACC4A2C7-223B-483D-9D49-417C783A3732}.Release|Any CPU.ActiveCfg = Release|Any CPU
		{ACC4A2C7-223B-483D-9D49-417C783A3732}.Release|Any CPU.Build.0 = Release|Any CPU
	EndGlobalSection
	GlobalSection(SolutionProperties) = preSolution
		HideSolutionNode = FALSE
	EndGlobalSection
	GlobalSection(ExtensibilityGlobals) = postSolution
		SolutionGuid = {5659C964-3C6B-4976-A46F-C85AEF86FC18}
	EndGlobalSection
EndGlobal
